
Microsoft Visual Studio Solution File, Format Version 12.00
# Visual Studio Version 17
VisualStudioVersion = 17.3.32901.215
MinimumVisualStudioVersion = 10.0.40219.1
Project("{9A19103F-16F7-4668-BE54-9A1E7A4F7556}") = "ComponentsCustom", "ComponentsCustom\ComponentsCustom.csproj", "{7E40751F-1035-4B6D-BEDB-784617B5BE4E}"
EndProject
Project("{9A19103F-16F7-4668-BE54-9A1E7A4F7556}") = "KOP_Forms", "KOP_Forms\KOP_Forms.csproj", "{D192AE8B-0FCA-426C-AB8C-DECDB938028F}"
EndProject
Project("{9A19103F-16F7-4668-BE54-9A1E7A4F7556}") = "ComponentsCustomUnvisual", "ComponentsCustomUnvisual\ComponentsCustomUnvisual.csproj", "{E1E79644-B5F1-474D-9980-A4A61C6DC0F3}"
EndProject
Project("{FAE04EC0-301F-11D3-BF4B-00C04F79EFBC}") = "RomanovaNotVisualComponents", "RomanovaNotVisualComponents\RomanovaNotVisualComponents.csproj", "{BCC43EDF-F0B1-4252-AEF0-46D312EDE1DF}"
EndProject
Project("{FAE04EC0-301F-11D3-BF4B-00C04F79EFBC}") = "RomanovaVisualComponents", "RomanovaVisualComponents\RomanovaVisualComponents.csproj", "{F63BC70F-8C33-4F11-AA07-B34F52ED24EA}"
EndProject
Project("{FAE04EC0-301F-11D3-BF4B-00C04F79EFBC}") = "LibraryView", "LibraryView\LibraryView.csproj", "{100FC920-D164-4C45-B0C5-422266C64EA6}"
EndProject
Project("{FAE04EC0-301F-11D3-BF4B-00C04F79EFBC}") = "LibraryBusinessLogic", "LibraryBusinessLogic\LibraryBusinessLogic.csproj", "{3BF95BE9-D97E-4EED-A100-6696B213B384}"
EndProject
Project("{FAE04EC0-301F-11D3-BF4B-00C04F79EFBC}") = "LibraryContracts", "LibraryContracts\LibraryContracts.csproj", "{A2ECFE68-738B-44C7-9AEF-109FE52FE35B}"
EndProject
Project("{FAE04EC0-301F-11D3-BF4B-00C04F79EFBC}") = "LibraryDatabaseImplement", "LibraryDatabaseImplement\LibraryDatabaseImplement.csproj", "{7D1A1B0D-9B46-4F7B-9FBD-EEE145521B04}"
EndProject
Global
	GlobalSection(SolutionConfigurationPlatforms) = preSolution
		Debug|Any CPU = Debug|Any CPU
		Release|Any CPU = Release|Any CPU
	EndGlobalSection
	GlobalSection(ProjectConfigurationPlatforms) = postSolution
		{7E40751F-1035-4B6D-BEDB-784617B5BE4E}.Debug|Any CPU.ActiveCfg = Debug|Any CPU
		{7E40751F-1035-4B6D-BEDB-784617B5BE4E}.Debug|Any CPU.Build.0 = Debug|Any CPU
		{7E40751F-1035-4B6D-BEDB-784617B5BE4E}.Release|Any CPU.ActiveCfg = Release|Any CPU
		{7E40751F-1035-4B6D-BEDB-784617B5BE4E}.Release|Any CPU.Build.0 = Release|Any CPU
		{D192AE8B-0FCA-426C-AB8C-DECDB938028F}.Debug|Any CPU.ActiveCfg = Debug|Any CPU
		{D192AE8B-0FCA-426C-AB8C-DECDB938028F}.Debug|Any CPU.Build.0 = Debug|Any CPU
		{D192AE8B-0FCA-426C-AB8C-DECDB938028F}.Release|Any CPU.ActiveCfg = Release|Any CPU
		{D192AE8B-0FCA-426C-AB8C-DECDB938028F}.Release|Any CPU.Build.0 = Release|Any CPU
		{E1E79644-B5F1-474D-9980-A4A61C6DC0F3}.Debug|Any CPU.ActiveCfg = Debug|Any CPU
		{E1E79644-B5F1-474D-9980-A4A61C6DC0F3}.Debug|Any CPU.Build.0 = Debug|Any CPU
		{E1E79644-B5F1-474D-9980-A4A61C6DC0F3}.Release|Any CPU.ActiveCfg = Release|Any CPU
		{E1E79644-B5F1-474D-9980-A4A61C6DC0F3}.Release|Any CPU.Build.0 = Release|Any CPU
		{BCC43EDF-F0B1-4252-AEF0-46D312EDE1DF}.Debug|Any CPU.ActiveCfg = Debug|Any CPU
		{BCC43EDF-F0B1-4252-AEF0-46D312EDE1DF}.Debug|Any CPU.Build.0 = Debug|Any CPU
		{BCC43EDF-F0B1-4252-AEF0-46D312EDE1DF}.Release|Any CPU.ActiveCfg = Release|Any CPU
		{BCC43EDF-F0B1-4252-AEF0-46D312EDE1DF}.Release|Any CPU.Build.0 = Release|Any CPU
		{F63BC70F-8C33-4F11-AA07-B34F52ED24EA}.Debug|Any CPU.ActiveCfg = Debug|Any CPU
		{F63BC70F-8C33-4F11-AA07-B34F52ED24EA}.Debug|Any CPU.Build.0 = Debug|Any CPU
		{F63BC70F-8C33-4F11-AA07-B34F52ED24EA}.Release|Any CPU.ActiveCfg = Release|Any CPU
		{F63BC70F-8C33-4F11-AA07-B34F52ED24EA}.Release|Any CPU.Build.0 = Release|Any CPU
		{100FC920-D164-4C45-B0C5-422266C64EA6}.Debug|Any CPU.ActiveCfg = Debug|Any CPU
		{100FC920-D164-4C45-B0C5-422266C64EA6}.Debug|Any CPU.Build.0 = Debug|Any CPU
		{100FC920-D164-4C45-B0C5-422266C64EA6}.Release|Any CPU.ActiveCfg = Release|Any CPU
		{100FC920-D164-4C45-B0C5-422266C64EA6}.Release|Any CPU.Build.0 = Release|Any CPU
		{3BF95BE9-D97E-4EED-A100-6696B213B384}.Debug|Any CPU.ActiveCfg = Debug|Any CPU
		{3BF95BE9-D97E-4EED-A100-6696B213B384}.Debug|Any CPU.Build.0 = Debug|Any CPU
		{3BF95BE9-D97E-4EED-A100-6696B213B384}.Release|Any CPU.ActiveCfg = Release|Any CPU
		{3BF95BE9-D97E-4EED-A100-6696B213B384}.Release|Any CPU.Build.0 = Release|Any CPU
		{A2ECFE68-738B-44C7-9AEF-109FE52FE35B}.Debug|Any CPU.ActiveCfg = Debug|Any CPU
		{A2ECFE68-738B-44C7-9AEF-109FE52FE35B}.Debug|Any CPU.Build.0 = Debug|Any CPU
		{A2ECFE68-738B-44C7-9AEF-109FE52FE35B}.Release|Any CPU.ActiveCfg = Release|Any CPU
		{A2ECFE68-738B-44C7-9AEF-109FE52FE35B}.Release|Any CPU.Build.0 = Release|Any CPU
		{7D1A1B0D-9B46-4F7B-9FBD-EEE145521B04}.Debug|Any CPU.ActiveCfg = Debug|Any CPU
		{7D1A1B0D-9B46-4F7B-9FBD-EEE145521B04}.Debug|Any CPU.Build.0 = Debug|Any CPU
		{7D1A1B0D-9B46-4F7B-9FBD-EEE145521B04}.Release|Any CPU.ActiveCfg = Release|Any CPU
		{7D1A1B0D-9B46-4F7B-9FBD-EEE145521B04}.Release|Any CPU.Build.0 = Release|Any CPU
	EndGlobalSection
	GlobalSection(SolutionProperties) = preSolution
		HideSolutionNode = FALSE
	EndGlobalSection
	GlobalSection(ExtensibilityGlobals) = postSolution
		SolutionGuid = {2C4DF460-0C1B-40A5-A61D-79AA6EB2BCF7}
	EndGlobalSection
EndGlobal
